dependencies:
  async-redis: 1.1.7
  markdown-escape: 1.1.0
  node-telegram-bot-api: 0.51.0
lockfileVersion: 5.2
packages:
  /ajv/6.12.6:
    dependencies:
      fast-deep-equal: 3.1.3
      fast-json-stable-stringify: 2.1.0
      json-schema-traverse: 0.4.1
      uri-js: 4.4.1
    dev: false
    resolution:
      integrity: sha512-j3fVLgvTo527anyYyJOGTYJbG+vnnQYvE0m5mmkc1TK+nxAppkCLMIL0aZ4dblVCNoGShhm+kzE4ZUykBoMg4g==
  /array.prototype.findindex/2.1.0:
    dependencies:
      define-properties: 1.1.3
      es-abstract: 1.17.7
    dev: false
    resolution:
      integrity: sha512-25kJHCjXltdtljjwcyKvCTywmbUAeTJVB2ADVe0oP4jcefsd+K9pJJ3IdHPahLICoszcCLoNF+evWpEduzBlng==
  /asn1/0.2.4:
    dependencies:
      safer-buffer: 2.1.2
    dev: false
    resolution:
      integrity: sha512-jxwzQpLQjSmWXgwaCZE9Nz+glAG01yF1QnWgbhGwHI5A6FRIEY6IVqtHhIepHqI7/kyEyQEagBC5mBEFlIYvdg==
  /assert-plus/1.0.0:
    dev: false
    engines:
      node: '>=0.8'
    resolution:
      integrity: sha1-8S4PPF13sLHN2RRpQuTpbB5N1SU=
  /async-redis/1.1.7:
    dependencies:
      redis: 2.8.0
      redis-commands: 1.6.0
    dev: false
    engines:
      node: '>=7.6.0'
    resolution:
      integrity: sha512-phpZe2/U+Ih4Lpy72KWF4+c8gymsUgzg6NV/TZUb8BLNn7soQewFxqcq9nndobfPmzXiuhMLi6GNBiQVIor/EA==
  /asynckit/0.4.0:
    dev: false
    resolution:
      integrity: sha1-x57Zf380y48robyXkLzDZkdLS3k=
  /aws-sign2/0.7.0:
    dev: false
    resolution:
      integrity: sha1-tG6JCTSpWR8tL2+G1+ap8bP+dqg=
  /aws4/1.11.0:
    dev: false
    resolution:
      integrity: sha512-xh1Rl34h6Fi1DC2WWKfxUTVqRsNnr6LsKz2+hfwDxQJWmrx8+c7ylaqBMcHfl1U1r2dsifOvKX3LQuLNZ+XSvA==
  /bcrypt-pbkdf/1.0.2:
    dependencies:
      tweetnacl: 0.14.5
    dev: false
    resolution:
      integrity: sha1-pDAdOJtqQ/m2f/PKEaP2Y342Dp4=
  /bl/1.2.3:
    dependencies:
      readable-stream: 2.3.7
      safe-buffer: 5.2.1
    dev: false
    resolution:
      integrity: sha512-pvcNpa0UU69UT341rO6AYy4FVAIkUHuZXRIWbq+zHnsVcRzDDjIAhGuuYoi0d//cwIwtt4pkpKycWEfjdV+vww==
  /bluebird/3.7.2:
    dev: false
    resolution:
      integrity: sha512-XpNj6GDQzdfW+r2Wnn7xiSAd7TM3jzkxGXBGTtWKuSXv1xUV+azxAm8jdWZN06QTQk+2N2XB9jRDkvbmQmcRtg==
  /call-bind/1.0.1:
    dependencies:
      function-bind: 1.1.1
      get-intrinsic: 1.0.2
    dev: false
    resolution:
      integrity: sha512-tvAvUwNcRikl3RVF20X9lsYmmepsovzTWeJiXjO0PkJp15uy/6xKFZOQtuiSULwYW+6ToZBprphCgWXC2dSgcQ==
  /caseless/0.12.0:
    dev: false
    resolution:
      integrity: sha1-G2gcIf+EAzyCZUMJBolCDRhxUdw=
  /combined-stream/1.0.8:
    dependencies:
      delayed-stream: 1.0.0
    dev: false
    engines:
      node: '>= 0.8'
    resolution:
      integrity: sha512-FQN4MRfuJeHf7cBbBMJFXhKSDq+2kAArBlmRBvcvFE5BB1HZKXtSFASDhdlz9zOYwxh8lDdnvmMOe/+5cdoEdg==
  /core-util-is/1.0.2:
    dev: false
    resolution:
      integrity: sha1-tf1UIgqivFq1eqtxQMlAdUUDwac=
  /dashdash/1.14.1:
    dependencies:
      assert-plus: 1.0.0
    dev: false
    engines:
      node: '>=0.10'
    resolution:
      integrity: sha1-hTz6D3y+L+1d4gMmuN1YEDX24vA=
  /debug/3.2.7:
    dependencies:
      ms: 2.1.3
    dev: false
    resolution:
      integrity: sha512-CFjzYYAi4ThfiQvizrFQevTTXHtnCqWfe7x1AhgEscTz6ZbLbfoLRLPugTQyBth6f8ZERVUSyWHFD/7Wu4t1XQ==
  /define-properties/1.1.3:
    dependencies:
      object-keys: 1.1.1
    dev: false
    engines:
      node: '>= 0.4'
    resolution:
      integrity: sha512-3MqfYKj2lLzdMSf8ZIZE/V+Zuy+BgD6f164e8K2w7dgnpKArBDerGYpM46IYYcjnkdPNMjPk9A6VFB8+3SKlXQ==
  /delayed-stream/1.0.0:
    dev: false
    engines:
      node: '>=0.4.0'
    resolution:
      integrity: sha1-3zrhmayt+31ECqrgsp4icrJOxhk=
  /depd/1.1.2:
    dev: false
    engines:
      node: '>= 0.6'
    resolution:
      integrity: sha1-m81S4UwJd2PnSbJ0xDRu0uVgtak=
  /double-ended-queue/2.1.0-0:
    dev: false
    resolution:
      integrity: sha1-ED01J/0xUo9AGIEwyEHv3XgmTlw=
  /ecc-jsbn/0.1.2:
    dependencies:
      jsbn: 0.1.1
      safer-buffer: 2.1.2
    dev: false
    resolution:
      integrity: sha1-OoOpBOVDUyh4dMVkt1SThoSamMk=
  /end-of-stream/1.4.4:
    dependencies:
      once: 1.4.0
    dev: false
    resolution:
      integrity: sha512-+uw1inIHVPQoaVuHzRyXd21icM+cnt4CzD5rW+NC1wjOUSTOs+Te7FOv7AhN7vS9x/oIyhLP5PR1H+phQAHu5Q==
  /es-abstract/1.17.7:
    dependencies:
      es-to-primitive: 1.2.1
      function-bind: 1.1.1
      has: 1.0.3
      has-symbols: 1.0.1
      is-callable: 1.2.2
      is-regex: 1.1.1
      object-inspect: 1.9.0
      object-keys: 1.1.1
      object.assign: 4.1.2
      string.prototype.trimend: 1.0.3
      string.prototype.trimstart: 1.0.3
    dev: false
    engines:
      node: '>= 0.4'
    resolution:
      integrity: sha512-VBl/gnfcJ7OercKA9MVaegWsBHFjV492syMudcnQZvt/Dw8ezpcOHYZXa/J96O8vx+g4x65YKhxOwDUh63aS5g==
  /es-to-primitive/1.2.1:
    dependencies:
      is-callable: 1.2.2
      is-date-object: 1.0.2
      is-symbol: 1.0.3
    dev: false
    engines:
      node: '>= 0.4'
    resolution:
      integrity: sha512-QCOllgZJtaUo9miYBcLChTUaHNjJF3PYs1VidD7AwiEj1kYxKeQTctLAezAOH5ZKRH0g2IgPn6KwB4IT8iRpvA==
  /eventemitter3/3.1.2:
    dev: false
    resolution:
      integrity: sha512-tvtQIeLVHjDkJYnzf2dgVMxfuSGJeM/7UCG17TT4EumTfNtF+0nebF/4zWOIkCreAbtNqhGEboB6BWrwqNaw4Q==
  /extend/3.0.2:
    dev: false
    resolution:
      integrity: sha512-fjquC59cD7CyW6urNXK0FBufkZcoiGG80wTuPujX590cB5Ttln20E2UB4S/WARVqhXffZl2LNgS+gQdPIIim/g==
  /extsprintf/1.3.0:
    dev: false
    engines:
      '0': node >=0.6.0
    resolution:
      integrity: sha1-lpGEQOMEGnpBT4xS48V06zw+HgU=
  /fast-deep-equal/3.1.3:
    dev: false
    resolution:
      integrity: sha512-f3qQ9oQy9j2AhBe/H9VC91wLmKBCCU/gDOnKNAYG5hswO7BLKj09Hc5HYNz9cGI++xlpDCIgDaitVs03ATR84Q==
  /fast-json-stable-stringify/2.1.0:
    dev: false
    resolution:
      integrity: sha512-lhd/wF+Lk98HZoTCtlVraHtfh5XYijIjalXck7saUtuanSDyLMxnHhSXEDJqHxD7msR8D0uCmqlkwjCV8xvwHw==
  /file-type/3.9.0:
    dev: false
    engines:
      node: '>=0.10.0'
    resolution:
      integrity: sha1-JXoHg4TR24CHvESdEH1SpSZyuek=
  /forever-agent/0.6.1:
    dev: false
    resolution:
      integrity: sha1-+8cfDEGt6zf5bFd60e1C2P2sypE=
  /form-data/2.3.3:
    dependencies:
      asynckit: 0.4.0
      combined-stream: 1.0.8
      mime-types: 2.1.28
    dev: false
    engines:
      node: '>= 0.12'
    resolution:
      integrity: sha512-1lLKB2Mu3aGP1Q/2eCOx0fNbRMe7XdwktwOruhfqqd0rIJWwN4Dh+E3hrPSlDCXnSR7UtZ1N38rVXm+6+MEhJQ==
  /function-bind/1.1.1:
    dev: false
    resolution:
      integrity: sha512-yIovAzMX49sF8Yl58fSCWJ5svSLuaibPxXQJFLmBObTuCr0Mf1KiPopGM9NiFjiYBCbfaa2Fh6breQ6ANVTI0A==
  /get-intrinsic/1.0.2:
    dependencies:
      function-bind: 1.1.1
      has: 1.0.3
      has-symbols: 1.0.1
    dev: false
    resolution:
      integrity: sha512-aeX0vrFm21ILl3+JpFFRNe9aUvp6VFZb2/CTbgLb8j75kOhvoNYjt9d8KA/tJG4gSo8nzEDedRl0h7vDmBYRVg==
  /getpass/0.1.7:
    dependencies:
      assert-plus: 1.0.0
    dev: false
    resolution:
      integrity: sha1-Xv+OPmhNVprkyysSgmBOi6YhSfo=
  /har-schema/2.0.0:
    dev: false
    engines:
      node: '>=4'
    resolution:
      integrity: sha1-qUwiJOvKwEeCoNkDVSHyRzW37JI=
  /har-validator/5.1.5:
    dependencies:
      ajv: 6.12.6
      har-schema: 2.0.0
    deprecated: this library is no longer supported
    dev: false
    engines:
      node: '>=6'
    resolution:
      integrity: sha512-nmT2T0lljbxdQZfspsno9hgrG3Uir6Ks5afism62poxqBM6sDnMEuPmzTq8XN0OEwqKLLdh1jQI3qyE66Nzb3w==
  /has-symbols/1.0.1:
    dev: false
    engines:
      node: '>= 0.4'
    resolution:
      integrity: sha512-PLcsoqu++dmEIZB+6totNFKq/7Do+Z0u4oT0zKOJNl3lYK6vGwwu2hjHs+68OEZbTjiUE9bgOABXbP/GvrS0Kg==
  /has/1.0.3:
    dependencies:
      function-bind: 1.1.1
    dev: false
    engines:
      node: '>= 0.4.0'
    resolution:
      integrity: sha512-f2dvO0VU6Oej7RkWJGrehjbzMAjFp5/VKPp5tTpWIV4JHHZK1/BxbFRtf/siA2SWTe09caDmVtYYzWEIbBS4zw==
  /http-signature/1.2.0:
    dependencies:
      assert-plus: 1.0.0
      jsprim: 1.4.1
      sshpk: 1.16.1
    dev: false
    engines:
      node: '>=0.8'
      npm: '>=1.3.7'
    resolution:
      integrity: sha1-muzZJRFHcvPZW2WmCruPfBj7rOE=
  /inherits/2.0.4:
    dev: false
    resolution:
      integrity: sha512-k/vGaX4/Yla3WzyMCvTQOXYeIHvqOKtnqBduzTHpzpQZzAskKMhZ2K+EnBiSM9zGSoIFeMpXKxa4dYeZIQqewQ==
  /is-callable/1.2.2:
    dev: false
    engines:
      node: '>= 0.4'
    resolution:
      integrity: sha512-dnMqspv5nU3LoewK2N/y7KLtxtakvTuaCsU9FU50/QDmdbHNy/4/JuRtMHqRU22o3q+W89YQndQEeCVwK+3qrA==
  /is-date-object/1.0.2:
    dev: false
    engines:
      node: '>= 0.4'
    resolution:
      integrity: sha512-USlDT524woQ08aoZFzh3/Z6ch9Y/EWXEHQ/AaRN0SkKq4t2Jw2R2339tSXmwuVoY7LLlBCbOIlx2myP/L5zk0g==
  /is-regex/1.1.1:
    dependencies:
      has-symbols: 1.0.1
    dev: false
    engines:
      node: '>= 0.4'
    resolution:
      integrity: sha512-1+QkEcxiLlB7VEyFtyBg94e08OAsvq7FUBgApTq/w2ymCLyKJgDPsybBENVtA7XCQEgEXxKPonG+mvYRxh/LIg==
  /is-symbol/1.0.3:
    dependencies:
      has-symbols: 1.0.1
    dev: false
    engines:
      node: '>= 0.4'
    resolution:
      integrity: sha512-OwijhaRSgqvhm/0ZdAcXNZt9lYdKFpcRDT5ULUuYXPoT794UNOdU+gpT6Rzo7b4V2HUl/op6GqY894AZwv9faQ==
  /is-typedarray/1.0.0:
    dev: false
    resolution:
      integrity: sha1-5HnICFjfDBsR3dppQPlgEfzaSpo=
  /isarray/1.0.0:
    dev: false
    resolution:
      integrity: sha1-u5NdSFgsuhaMBoNJV6VKPgcSTxE=
  /isstream/0.1.2:
    dev: false
    resolution:
      integrity: sha1-R+Y/evVa+m+S4VAOaQ64uFKcCZo=
  /jsbn/0.1.1:
    dev: false
    resolution:
      integrity: sha1-peZUwuWi3rXyAdls77yoDA7y9RM=
  /json-schema-traverse/0.4.1:
    dev: false
    resolution:
      integrity: sha512-xbbCH5dCYU5T8LcEhhuh7HJ88HXuW3qsI3Y0zOZFKfZEHcpWiHU/Jxzk629Brsab/mMiHQti9wMP+845RPe3Vg==
  /json-schema/0.2.3:
    dev: false
    resolution:
      integrity: sha1-tIDIkuWaLwWVTOcnvT8qTogvnhM=
  /json-stringify-safe/5.0.1:
    dev: false
    resolution:
      integrity: sha1-Epai1Y/UXxmg9s4B1lcB4sc1tus=
  /jsprim/1.4.1:
    dependencies:
      assert-plus: 1.0.0
      extsprintf: 1.3.0
      json-schema: 0.2.3
      verror: 1.10.0
    dev: false
    engines:
      '0': node >=0.6.0
    resolution:
      integrity: sha1-MT5mvB5cwG5Di8G3SZwuXFastqI=
  /lodash/4.17.20:
    dev: false
    resolution:
      integrity: sha512-PlhdFcillOINfeV7Ni6oF1TAEayyZBoZ8bcshTHqOYJYlrqzRK5hagpagky5o4HfCzzd1TRkXPMFq6cKk9rGmA==
  /markdown-escape/1.1.0:
    dev: false
    resolution:
      integrity: sha512-f1+ARFbzLrBdC0Lj30uREn+zthrK/h1PO5UhN5IMDQvI2lSFn+8U06a5LHaxxYMhHD0mJoJ2BROJ/Sju5aw6+g==
  /mime-db/1.45.0:
    dev: false
    engines:
      node: '>= 0.6'
    resolution:
      integrity: sha512-CkqLUxUk15hofLoLyljJSrukZi8mAtgd+yE5uO4tqRZsdsAJKv0O+rFMhVDRJgozy+yG6md5KwuXhD4ocIoP+w==
  /mime-types/2.1.28:
    dependencies:
      mime-db: 1.45.0
    dev: false
    engines:
      node: '>= 0.6'
    resolution:
      integrity: sha512-0TO2yJ5YHYr7M2zzT7gDU1tbwHxEUWBCLt0lscSNpcdAfFyJOVEpRYNS7EXVcTLNj/25QO8gulHC5JtTzSE2UQ==
  /mime/1.6.0:
    dev: false
    engines:
      node: '>=4'
    hasBin: true
    resolution:
      integrity: sha512-x0Vn8spI+wuJ1O6S7gnbaQg8Pxh4NNHb7KSINmEWKiPE4RKOplvijn+NkmYmmRgP68mc70j2EbeTFRsrswaQeg==
  /ms/2.1.3:
    dev: false
    resolution:
      integrity: sha512-6FlzubTLZG3J2a/NVCAleEhjzq5oxgHyaCU9yYXvcLsvoVaHJq/s5xXI6/XXP6tz7R9xAOtHnSO/tXtF3WRTlA==
  /node-telegram-bot-api/0.51.0:
    dependencies:
      array.prototype.findindex: 2.1.0
      bl: 1.2.3
      bluebird: 3.7.2
      debug: 3.2.7
      depd: 1.1.2
      eventemitter3: 3.1.2
      file-type: 3.9.0
      mime: 1.6.0
      pump: 2.0.1
      request: 2.88.2
      request-promise: 4.2.6_request@2.88.2
    dev: false
    engines:
      node: '>=0.12'
    resolution:
      integrity: sha512-4SYAHBOhm8beNm/Sj6jo67GLbjMKLXejU/gjeIGsPMB9BAap4+ZT9viZkq1xC3t+0JeyQHOMudPp/vwpbK04qA==
  /oauth-sign/0.9.0:
    dev: false
    resolution:
      integrity: sha512-fexhUFFPTGV8ybAtSIGbV6gOkSv8UtRbDBnAyLQw4QPKkgNlsH2ByPGtMUqdWkos6YCRmAqViwgZrJc/mRDzZQ==
  /object-inspect/1.9.0:
    dev: false
    resolution:
      integrity: sha512-i3Bp9iTqwhaLZBxGkRfo5ZbE07BQRT7MGu8+nNgwW9ItGp1TzCTw2DLEoWwjClxBjOFI/hWljTAmYGCEwmtnOw==
  /object-keys/1.1.1:
    dev: false
    engines:
      node: '>= 0.4'
    resolution:
      integrity: sha512-NuAESUOUMrlIXOfHKzD6bpPu3tYt3xvjNdRIQ+FeT0lNb4K8WR70CaDxhuNguS2XG+GjkyMwOzsN5ZktImfhLA==
  /object.assign/4.1.2:
    dependencies:
      call-bind: 1.0.1
      define-properties: 1.1.3
      has-symbols: 1.0.1
      object-keys: 1.1.1
    dev: false
    engines:
      node: '>= 0.4'
    resolution:
      integrity: sha512-ixT2L5THXsApyiUPYKmW+2EHpXXe5Ii3M+f4e+aJFAHao5amFRW6J0OO6c/LU8Be47utCx2GL89hxGB6XSmKuQ==
  /once/1.4.0:
    dependencies:
      wrappy: 1.0.2
    dev: false
    resolution:
      integrity: sha1-WDsap3WWHUsROsF9nFC6753Xa9E=
  /performance-now/2.1.0:
    dev: false
    resolution:
      integrity: sha1-Ywn04OX6kT7BxpMHrjZLSzd8nns=
  /process-nextick-args/2.0.1:
    dev: false
    resolution:
      integrity: sha512-3ouUOpQhtgrbOa17J7+uxOTpITYWaGP7/AhoR3+A+/1e9skrzelGi/dXzEYyvbxubEF6Wn2ypscTKiKJFFn1ag==
  /psl/1.8.0:
    dev: false
    resolution:
      integrity: sha512-RIdOzyoavK+hA18OGGWDqUTsCLhtA7IcZ/6NCs4fFJaHBDab+pDDmDIByWFRQJq2Cd7r1OoQxBGKOaztq+hjIQ==
  /pump/2.0.1:
    dependencies:
      end-of-stream: 1.4.4
      once: 1.4.0
    dev: false
    resolution:
      integrity: sha512-ruPMNRkN3MHP1cWJc9OWr+T/xDP0jhXYCLfJcBuX54hhfIBnaQmAUMfDcG4DM5UMWByBbJY69QSphm3jtDKIkA==
  /punycode/2.1.1:
    dev: false
    engines:
      node: '>=6'
    resolution:
      integrity: sha512-XRsRjdf+j5ml+y/6GKHPZbrF/8p2Yga0JPtdqTIY2Xe5ohJPD9saDJJLPvp9+NSBprVvevdXZybnj2cv8OEd0A==
  /qs/6.5.2:
    dev: false
    engines:
      node: '>=0.6'
    resolution:
      integrity: sha512-N5ZAX4/LxJmF+7wN74pUD6qAh9/wnvdQcjq9TZjevvXzSUo7bfmw91saqMjzGS2xq91/odN2dW/WOl7qQHNDGA==
  /readable-stream/2.3.7:
    dependencies:
      core-util-is: 1.0.2
      inherits: 2.0.4
      isarray: 1.0.0
      process-nextick-args: 2.0.1
      safe-buffer: 5.1.2
      string_decoder: 1.1.1
      util-deprecate: 1.0.2
    dev: false
    resolution:
      integrity: sha512-Ebho8K4jIbHAxnuxi7o42OrZgF/ZTNcsZj6nRKyUmkhLFq8CHItp/fy6hQZuZmP/n3yZ9VBUbp4zz/mX8hmYPw==
  /redis-commands/1.6.0:
    dev: false
    resolution:
      integrity: sha512-2jnZ0IkjZxvguITjFTrGiLyzQZcTvaw8DAaCXxZq/dsHXz7KfMQ3OUJy7Tz9vnRtZRVz6VRCPDvruvU8Ts44wQ==
  /redis-parser/2.6.0:
    dev: false
    engines:
      node: '>=0.10.0'
    resolution:
      integrity: sha1-Uu0J2srBCPGmMcB+m2mUHnoZUEs=
  /redis/2.8.0:
    dependencies:
      double-ended-queue: 2.1.0-0
      redis-commands: 1.6.0
      redis-parser: 2.6.0
    dev: false
    engines:
      node: '>=0.10.0'
    resolution:
      integrity: sha512-M1OkonEQwtRmZv4tEWF2VgpG0JWJ8Fv1PhlgT5+B+uNq2cA3Rt1Yt/ryoR+vQNOQcIEgdCdfH0jr3bDpihAw1A==
  /request-promise-core/1.1.4_request@2.88.2:
    dependencies:
      lodash: 4.17.20
      request: 2.88.2
    dev: false
    engines:
      node: '>=0.10.0'
    peerDependencies:
      request: ^2.34
    resolution:
      integrity: sha512-TTbAfBBRdWD7aNNOoVOBH4pN/KigV6LyapYNNlAPA8JwbovRti1E88m3sYAwsLi5ryhPKsE9APwnjFTgdUjTpw==
  /request-promise/4.2.6_request@2.88.2:
    dependencies:
      bluebird: 3.7.2
      request: 2.88.2
      request-promise-core: 1.1.4_request@2.88.2
      stealthy-require: 1.1.1
      tough-cookie: 2.5.0
    deprecated: 'request-promise has been deprecated because it extends the now deprecated request package, see https://github.com/request/request/issues/3142'
    dev: false
    engines:
      node: '>=0.10.0'
    peerDependencies:
      request: ^2.34
    resolution:
      integrity: sha512-HCHI3DJJUakkOr8fNoCc73E5nU5bqITjOYFMDrKHYOXWXrgD/SBaC7LjwuPymUprRyuF06UK7hd/lMHkmUXglQ==
  /request/2.88.2:
    dependencies:
      aws-sign2: 0.7.0
      aws4: 1.11.0
      caseless: 0.12.0
      combined-stream: 1.0.8
      extend: 3.0.2
      forever-agent: 0.6.1
      form-data: 2.3.3
      har-validator: 5.1.5
      http-signature: 1.2.0
      is-typedarray: 1.0.0
      isstream: 0.1.2
      json-stringify-safe: 5.0.1
      mime-types: 2.1.28
      oauth-sign: 0.9.0
      performance-now: 2.1.0
      qs: 6.5.2
      safe-buffer: 5.2.1
      tough-cookie: 2.5.0
      tunnel-agent: 0.6.0
      uuid: 3.4.0
    deprecated: 'request has been deprecated, see https://github.com/request/request/issues/3142'
    dev: false
    engines:
      node: '>= 6'
    resolution:
      integrity: sha512-MsvtOrfG9ZcrOwAW+Qi+F6HbD0CWXEh9ou77uOb7FM2WPhwT7smM833PzanhJLsgXjN89Ir6V2PczXNnMpwKhw==
  /safe-buffer/5.1.2:
    dev: false
    resolution:
      integrity: sha512-Gd2UZBJDkXlY7GbJxfsE8/nvKkUEU1G38c1siN6QP6a9PT9MmHB8GnpscSmMJSoF8LOIrt8ud/wPtojys4G6+g==
  /safe-buffer/5.2.1:
    dev: false
    resolution:
      integrity: sha512-rp3So07KcdmmKbGvgaNxQSJr7bGVSVk5S9Eq1F+ppbRo70+YeaDxkw5Dd8NPN+GD6bjnYm2VuPuCXmpuYvmCXQ==
  /safer-buffer/2.1.2:
    dev: false
    resolution:
      integrity: sha512-YZo3K82SD7Riyi0E1EQPojLz7kpepnSQI9IyPbHHg1XXXevb5dJI7tpyN2ADxGcQbHG7vcyRHk0cbwqcQriUtg==
  /sshpk/1.16.1:
    dependencies:
      asn1: 0.2.4
      assert-plus: 1.0.0
      bcrypt-pbkdf: 1.0.2
      dashdash: 1.14.1
      ecc-jsbn: 0.1.2
      getpass: 0.1.7
      jsbn: 0.1.1
      safer-buffer: 2.1.2
      tweetnacl: 0.14.5
    dev: false
    engines:
      node: '>=0.10.0'
    hasBin: true
    resolution:
      integrity: sha512-HXXqVUq7+pcKeLqqZj6mHFUMvXtOJt1uoUx09pFW6011inTMxqI8BA8PM95myrIyyKwdnzjdFjLiE6KBPVtJIg==
  /stealthy-require/1.1.1:
    dev: false
    engines:
      node: '>=0.10.0'
    resolution:
      integrity: sha1-NbCYdbT/SfJqd35QmzCQoyJr8ks=
  /string.prototype.trimend/1.0.3:
    dependencies:
      call-bind: 1.0.1
      define-properties: 1.1.3
    dev: false
    resolution:
      integrity: sha512-ayH0pB+uf0U28CtjlLvL7NaohvR1amUvVZk+y3DYb0Ey2PUV5zPkkKy9+U1ndVEIXO8hNg18eIv9Jntbii+dKw==
  /string.prototype.trimstart/1.0.3:
    dependencies:
      call-bind: 1.0.1
      define-properties: 1.1.3
    dev: false
    resolution:
      integrity: sha512-oBIBUy5lea5tt0ovtOFiEQaBkoBBkyJhZXzJYrSmDo5IUUqbOPvVezuRs/agBIdZ2p2Eo1FD6bD9USyBLfl3xg==
  /string_decoder/1.1.1:
    dependencies:
      safe-buffer: 5.1.2
    dev: false
    resolution:
      integrity: sha512-n/ShnvDi6FHbbVfviro+WojiFzv+s8MPMHBczVePfUpDJLwoLT0ht1l4YwBCbi8pJAveEEdnkHyPyTP/mzRfwg==
  /tough-cookie/2.5.0:
    dependencies:
      psl: 1.8.0
      punycode: 2.1.1
    dev: false
    engines:
      node: '>=0.8'
    resolution:
      integrity: sha512-nlLsUzgm1kfLXSXfRZMc1KLAugd4hqJHDTvc2hDIwS3mZAfMEuMbc03SujMF+GEcpaX/qboeycw6iO8JwVv2+g==
  /tunnel-agent/0.6.0:
    dependencies:
      safe-buffer: 5.2.1
    dev: false
    resolution:
      integrity: sha1-J6XeoGs2sEoKmWZ3SykIaPD8QP0=
  /tweetnacl/0.14.5:
    dev: false
    resolution:
      integrity: sha1-WuaBd/GS1EViadEIr6k/+HQ/T2Q=
  /uri-js/4.4.1:
    dependencies:
      punycode: 2.1.1
    dev: false
    resolution:
      integrity: sha512-7rKUyy33Q1yc98pQ1DAmLtwX109F7TIfWlW1Ydo8Wl1ii1SeHieeh0HHfPeL2fMXK6z0s8ecKs9frCuLJvndBg==
  /util-deprecate/1.0.2:
    dev: false
    resolution:
      integrity: sha1-RQ1Nyfpw3nMnYvvS1KKJgUGaDM8=
  /uuid/3.4.0:
    dev: false
    hasBin: true
    resolution:
      integrity: sha512-HjSDRw6gZE5JMggctHBcjVak08+KEVhSIiDzFnT9S9aegmp85S/bReBVTb4QTFaRNptJ9kuYaNhnbNEOkbKb/A==
  /verror/1.10.0:
    dependencies:
      assert-plus: 1.0.0
      core-util-is: 1.0.2
      extsprintf: 1.3.0
    dev: false
    engines:
      '0': node >=0.6.0
    resolution:
      integrity: sha1-OhBcoXBTr1XW4nDB+CiGguGNpAA=
  /wrappy/1.0.2:
    dev: false
    resolution:
      integrity: sha1-tSQ9jz7BqjXxNkYFvA0QNuMKtp8=
specifiers:
  async-redis: ^1.1.7
  markdown-escape: ^1.1.0
  node-telegram-bot-api: ^0.51.0
